
Microsoft Visual Studio Solution File, Format Version 12.00
# Visual Studio Version 17
VisualStudioVersion = 17.1.32319.34
MinimumVisualStudioVersion = 10.0.40219.1
Project("{FAE04EC0-301F-11D3-BF4B-00C04F79EFBC}") = "Special Forces Module", "Special Forces Module.csproj", "{9F8BEA6A-0F48-4970-846F-8B2A40BA8C30}"
EndProject
Global
	GlobalSection(SolutionConfigurationPlatforms) = preSolution
		Debug|x64 = Debug|x64
		Release|x64 = Release|x64
	EndGlobalSection
	GlobalSection(ProjectConfigurationPlatforms) = postSolution
		{9F8BEA6A-0F48-4970-846F-8B2A40BA8C30}.Debug|x64.ActiveCfg = Debug|x64
		{9F8BEA6A-0F48-4970-846F-8B2A40BA8C30}.Debug|x64.Build.0 = Debug|x64
		{9F8BEA6A-0F48-4970-846F-8B2A40BA8C30}.Release|x64.ActiveCfg = Release|x64
		{9F8BEA6A-0F48-4970-846F-8B2A40BA8C30}.Release|x64.Build.0 = Release|x64
	EndGlobalSection
	GlobalSection(SolutionProperties) = preSolution
		HideSolutionNode = FALSE
	EndGlobalSection
	GlobalSection(ExtensibilityGlobals) = postSolution
		SolutionGuid = {8D586084-ED4A-414F-AB98-297171923042}
	EndGlobalSection
EndGlobal
