
Microsoft Visual Studio Solution File, Format Version 12.00
# Visual Studio Version 17
VisualStudioVersion = 17.1.32210.238
MinimumVisualStudioVersion = 10.0.40219.1
Project("{FAE04EC0-301F-11D3-BF4B-00C04F79EFBC}") = "Mumble Info Module", "Mumble Info Module.csproj", "{2720A526-D1CE-4CFA-8022-6391E104CABE}"
EndProject
Global
	GlobalSection(SolutionConfigurationPlatforms) = preSolution
		Debug|x64 = Debug|x64
		Release|x64 = Release|x64
	EndGlobalSection
	GlobalSection(ProjectConfigurationPlatforms) = postSolution
		{2720A526-D1CE-4CFA-8022-6391E104CABE}.Debug|x64.ActiveCfg = Debug|x64
		{2720A526-D1CE-4CFA-8022-6391E104CABE}.Debug|x64.Build.0 = Debug|x64
		{2720A526-D1CE-4CFA-8022-6391E104CABE}.Release|x64.ActiveCfg = Release|x64
		{2720A526-D1CE-4CFA-8022-6391E104CABE}.Release|x64.Build.0 = Release|x64
	EndGlobalSection
	GlobalSection(SolutionProperties) = preSolution
		HideSolutionNode = FALSE
	EndGlobalSection
	GlobalSection(ExtensibilityGlobals) = postSolution
		SolutionGuid = {E22DCBB8-5DFA-4A69-A817-8E68E19DC368}
	EndGlobalSection
EndGlobal
